
Microsoft Visual Studio Solution File, Format Version 12.00
# Visual Studio Version 16
VisualStudioVersion = 16.0.31911.196
MinimumVisualStudioVersion = 10.0.40219.1
Project("{FAE04EC0-301F-11D3-BF4B-00C04F79EFBC}") = "TMSPreconditionTool", "TMSPreconditionTool.csproj", "{BC9F1726-CECA-43AB-BC1C-60F0709733F7}"
EndProject
Project("{FAE04EC0-301F-11D3-BF4B-00C04F79EFBC}") = "TestPreconditionTool", "TestPreconditionTool\TestPreconditionTool.csproj", "{4E6663C0-2575-4F39-828D-1AB7563139EE}"
EndProject
Global
	GlobalSection(SolutionConfigurationPlatforms) = preSolution
		Debug|Any CPU = Debug|Any CPU
		Release|Any CPU = Release|Any CPU
	EndGlobalSection
	GlobalSection(ProjectConfigurationPlatforms) = postSolution
		{BC9F1726-CECA-43AB-BC1C-60F0709733F7}.Debug|Any CPU.ActiveCfg = Debug|Any CPU
		{BC9F1726-CECA-43AB-BC1C-60F0709733F7}.Debug|Any CPU.Build.0 = Debug|Any CPU
		{BC9F1726-CECA-43AB-BC1C-60F0709733F7}.Release|Any CPU.ActiveCfg = Release|Any CPU
		{BC9F1726-CECA-43AB-BC1C-60F0709733F7}.Release|Any CPU.Build.0 = Release|Any CPU
		{4E6663C0-2575-4F39-828D-1AB7563139EE}.Debug|Any CPU.ActiveCfg = Debug|Any CPU
		{4E6663C0-2575-4F39-828D-1AB7563139EE}.Debug|Any CPU.Build.0 = Debug|Any CPU
		{4E6663C0-2575-4F39-828D-1AB7563139EE}.Release|Any CPU.ActiveCfg = Release|Any CPU
		{4E6663C0-2575-4F39-828D-1AB7563139EE}.Release|Any CPU.Build.0 = Release|Any CPU
	EndGlobalSection
	GlobalSection(SolutionProperties) = preSolution
		HideSolutionNode = FALSE
	EndGlobalSection
	GlobalSection(ExtensibilityGlobals) = postSolution
		SolutionGuid = {CB382317-29A0-4D7E-B1B4-D5A5FD090F30}
	EndGlobalSection
EndGlobal
